{
  "name": "app",
  "version": "1.0.0",
  "lockfileVersion": 3,
  "requires": true,
  "packages": {
    "": {
      "name": "app",
      "version": "1.0.0",
      "license": "ISC",
      "dependencies": {
        "dynamic-paginator-test": "^1.0.3"
      }
    },
    "node_modules/decode-uri-component": {
      "version": "0.4.1",
      "resolved": "https://registry.npmjs.org/decode-uri-component/-/decode-uri-component-0.4.1.tgz",
      "integrity": "sha512-+8VxcR21HhTy8nOt6jf20w0c9CADrw1O8d+VZ/YzzCt4bJ3uBjw+D1q2osAB8RnpwwaeYBxy0HyKQxD5JBMuuQ==",
      "engines": {
        "node": ">=14.16"
      }
    },
    "node_modules/dynamic-paginator-test": {
      "version": "1.0.3",
      "resolved": "https://registry.npmjs.org/dynamic-paginator-test/-/dynamic-paginator-test-1.0.3.tgz",
      "integrity": "sha512-lfs9WYs+SVQrKILHtIqQtpcwMtBQkST4wybYFH7bXtw24GjaiRg94LN9o9F0zGTIcob/NW8ihf2BHXpMF3sxcA==",
      "dependencies": {
        "http-query-string": "^1.0.1"
      }
    },
    "node_modules/filter-obj": {
      "version": "6.1.0",
      "resolved": "https://registry.npmjs.org/filter-obj/-/filter-obj-6.1.0.tgz",
      "integrity": "sha512-xdMtCAODmPloU9qtmPcdBV9Kd27NtMse+4ayThxqIHUES5Z2S6bGpap5PpdmNM56ub7y3i1eyr+vJJIIgWGKmA==",
      "engines": {
        "node": ">=18"
      },
      "funding": {
        "url": "https://github.com/sponsors/sindresorhus"
      }
    },
    "node_modules/http-query-string": {
      "version": "1.0.1",
      "resolved": "https://registry.npmjs.org/http-query-string/-/http-query-string-1.0.1.tgz",
      "integrity": "sha512-51CQOu/OeLRCQYW4DoxpFKfjl0Zs4fDKPkUq5yYKkJTQ2kG5/NMnIt3kv8afjUEgn3G0dO35FtF4jeRUTIPsmQ==",
      "dependencies": {
        "decode-uri-component": "^0.4.1",
        "filter-obj": "^6.1.0",
        "split-on-first": "^3.0.0"
      },
      "engines": {
        "node": ">=18"
      }
    },
    "node_modules/split-on-first": {
      "version": "3.0.0",
      "resolved": "https://registry.npmjs.org/split-on-first/-/split-on-first-3.0.0.tgz",
      "integrity": "sha512-qxQJTx2ryR0Dw0ITYyekNQWpz6f8dGd7vffGNflQQ3Iqj9NJ6qiZ7ELpZsJ/QBhIVAiDfXdag3+Gp8RvWa62AA==",
      "engines": {
        "node": ">=12"
      },
      "funding": {
        "url": "https://github.com/sponsors/sindresorhus"
      }
    }
  }
}
